# Generated from a clean CPython 3.11 Linux x64 resolution of requirements/server.txt.
# Runtime dependencies are locked; browser binaries are installed by the pinned Playwright.
aiohappyeyeballs==2.7.1 --hash=sha256:9243213661e29250eb41368e5daa826fc017156c3b8a11440826b2e3ed376472
aiohttp==3.14.3 --hash=sha256:53e7b4ce82b54a8bcc71b3b67a5cbd177ca1d7f592cbc92cd38b7349f73482db
aiosignal==1.4.0 --hash=sha256:053243f8b92b990551949e63930a839ff0cf0b0ebbe0597b0f3fb19e1a0fe82e
aiosqlite==0.22.1 --hash=sha256:21c002eb13823fad740196c5a2e9d8e62f6243bd9e7e4a1f87fb5e44ecb4fceb
annotated-doc==0.0.5 --hash=sha256:117bac03a25ede5df5440e855b32d556049ca169ead221505badf432fed4b101
annotated-types==0.8.0 --hash=sha256:f072f4d804ea359e4eaf198b1af7a8b0943881a87f31bb764f8bf219bb9419e0
anthropic==0.125.0 --hash=sha256:3486013602eca76d8b12540764e53654f02cf4951110bca86cf06e67428a9f21
anyio==4.15.1 --hash=sha256:6152fdbbf9a77fdec97731721bebf7c4c44f7c29b424b0065826173efc7ed101
apify_fingerprint_datapoints==0.15.0 --hash=sha256:fc9299b3136880f47b468897cd00ac622ad2c2a93e9cc9f972d10dbf5ed2b3aa
APScheduler==3.11.3 --hash=sha256:bbeb2ec02d23d3c06a6c07ed7f0f3939ada6680eb121fae809a69bb42c537a30
attrs==26.1.0 --hash=sha256:c647aa4a12dfbad9333ca4e71fe62ddc36f4e63b2d260a37a8b83d2f043ac309
bcrypt==5.0.0 --hash=sha256:611f0a17aa4a25a69362dcc299fda5c8a3d4f160e2abb3831041feb77393a14a
beautifulsoup4==4.15.0 --hash=sha256:d6f88de62e1d4e38ecb1077eb9724cd0eff29d2a08ca16a401e9b9e93f117cf9
boto3==1.43.95 --hash=sha256:c906921c4f9ab41e9587af6586f072c8f2be6979e8bde2ec26aa443bb1745019
botocore==1.43.95 --hash=sha256:0fda26d16c7c7bf7082c421390a817b696f98a43d3da7c43dbbb093f76662876
browserforge==1.2.4 --hash=sha256:fb1c14e62ac09de221dcfc73074200269f697596c642cb200ceaab1127a17542
certifi==2026.7.22 --hash=sha256:62f22742b58a1a33014a2b6b706588a8d7e2a88ae7bd1a6ebe8c992928483775
cffi==2.1.1 --hash=sha256:34e261f78cb6ceaaa36f42f2613f4380d94d9c759a9c73c769ee6e0247364632
charset-normalizer==3.5.1 --hash=sha256:c7b742bf31c88566b4bb6335a7f393bb322e580b6bb98df7bd0c25e6e3519ce8
click==8.5.0 --hash=sha256:255bc9599cf7748b4b1a446ccc735421bd08a2ae529a8b88597d3de5664ee360
cryptography==50.0.1 --hash=sha256:51afcfceb15597cf2635068e4ac9a56b2abde622edde17f37d85fd7b5306497a
cssselect==1.5.0 --hash=sha256:1d1aded98e82bdde447ded990a191fd6916177c4f0c914fb62eccd58e2ffcdcc
curl_cffi==0.16.3 --hash=sha256:a875a661e2f9a949be29454880bbb9553307a487c4c08819738298cf5c1622e2
distro==1.9.0 --hash=sha256:7bffd925d65168f85027d8da9af6bddab658135b840670a223589bc0c8ef02b2
docstring_parser==0.18.0 --hash=sha256:b3fcbed555c47d8479be0796ef7e19c2670d428d72e96da63f3a40122860374b
fastapi==0.141.1 --hash=sha256:bfb91aa2d334c61cb35ba9a116fc123b3d3df31640b801cf57a7a78ec3f603b3
filetype==1.2.0 --hash=sha256:7ce71b6880181241cf7ac8697a2f1eb6a8bd9b429f7ad6d27b8db9ba5f1c2d25
frozenlist==1.8.0 --hash=sha256:2552f44204b744fba866e573be4c1f9048d6a324dfe14475103fd51613eb1d1f
google-auth==2.58.0 --hash=sha256:8a9c4645bb4c8e91668fb1934b95ae6a8687084232753639220ba9bf04a1610d
google-genai==2.23.0 --hash=sha256:1e63211d44d188b8069c2b354d92b9bde25c1e821513fdbe1948b7c0d9f6b922
greenlet==3.5.6 --hash=sha256:1c20ea32a73d17b9b60e3371240e17b0068120c98a5ec01a224a7dd8c89733ba
h11==0.16.0 --hash=sha256:63cf8bbe7522de3bf65932fda1d9c2772064ffb3dae62d55932da54b31cb6c86
httpcore==1.0.9 --hash=sha256:2d400746a40668fc9dec9810239072b40b4484b640a8c38fd654a024c7a1bf55
httpcore2==2.13.0 --hash=sha256:35ae5be347aa40467b4a5dc032ac67ebb6d27189fc97e8cebcf99616f6a1bb9e
httpx==0.28.1 --hash=sha256:d909fcccc110f8c7faf814ca82a9a4d816bc5a6dbfea25d6591d6985b8ba59ad
httpx-sse==0.4.3 --hash=sha256:0ac1c9fe3c0afad2e0ebb25a934a59f4c7823b60792691f779fad2c5568830fc
httpx2==2.13.0 --hash=sha256:fc12720cedf72faa26cca6b4ca394e05c894e7d7933fc45cafe767960804e49a
idna==3.19 --hash=sha256:815e7be7a7806d54abb586dc943addc79e8b2ee16915059658cbeff4b1b43bf4
jieba==0.42.1 --hash=sha256:055ca12f62674fafed09427f176506079bc135638a14e23e25be909131928db2
jiter==0.17.0 --hash=sha256:5888fe5abc1ca2fa834a3e1b4c7ef0dcece286a7d7e95a609ef0934b777b9fc9
jmespath==1.1.0 --hash=sha256:a5663118de4908c91729bea0acadca56526eb2698e83de10cd116ae0f4e97c64
jsonpatch==1.33 --hash=sha256:0ae28c0cd062bbd8b8ecc26d7d164fbbea9652a1a3693f3b956c1eae5145dade
jsonpointer==3.1.1 --hash=sha256:8ff8b95779d071ba472cf5bc913028df06031797532f08a7d5b602d8b2a488ca
jsonschema==4.26.0 --hash=sha256:d489f15263b8d200f8387e64b4c3a75f06629559fb73deb8fdfb525f2dab50ce
jsonschema-specifications==2025.9.1 --hash=sha256:98802fee3a11ee76ecaca44429fda8a41bff98b00a0f2838151b113f210cc6fe
langchain-anthropic==1.4.8 --hash=sha256:778e9301b6fd517824f76ec1776975ce8add97a1f6a36c50ae3c2f4b03a66f7f
langchain-core==1.4.9 --hash=sha256:28e3909e2a10cc81504952d795ac0a9e014c0018121ef89d48dd396fa09ec624
langchain-google-genai==4.2.7 --hash=sha256:0d9c388d0e6c629718fca6abb19c6fdca728a9a7873d0324c1ec821288b5b571
langchain-mcp-adapters==0.3.2 --hash=sha256:094e6b3096dbcc408417d5722f6915f164772e50c502ae3d8989405bf12c3c84
langchain-openai==1.3.5 --hash=sha256:f586263b884bceb3d426ec84d3bfbd27051c3c92ae668da6175629e3f44dcec5
langchain-protocol==0.0.19 --hash=sha256:4cdf879a492a35980fd859ae792d3c65458ccaae504e183c9a10d7eac1f0720f
langgraph==1.2.9 --hash=sha256:c2d98ad94333937922ba04148641c1da2bfe45b5b8e55d7b6dcb0bb2df809e76
langgraph-checkpoint==4.1.1 --hash=sha256:25d29144b082827218e7bc3f1e9b0566a4bb007895cd6cc26f66a8428739f56e
langgraph-checkpoint-sqlite==3.1.1 --hash=sha256:8505c54c94a658080525d7e6780fdd4e0c078ff2566b30d399c02cc9f9af1c63
langgraph-prebuilt==1.1.0 --hash=sha256:51e311747d755b751d5c6b39b0c1446124d3a7643d2515017e6714b323508fc9
langgraph-sdk==0.4.4 --hash=sha256:39afe416c91742925e6f8a93715f566d499b36e1b636b804a4ffe3190e4f4e64
langsmith==0.12.5 --hash=sha256:ad9fa911c6a002d8bb53daf1064fd0484560f33ac86f334060789258c989e043
lxml==6.1.3 --hash=sha256:527195c188d7d0af748cd48d220ab8cdc5cb99be3d49ac4d9be7324d8abf9bc0
mcp==1.30.0 --hash=sha256:666edb5009503e1047c9d60346a756f94b261f05cc2625f23d41c728ffc484d0
msgspec==0.21.1 --hash=sha256:6badc03b9725352219cca017bfe71c61f2fbd0fb5982b410ac17c97c213deb30
multidict==6.8.0 --hash=sha256:ab83fdd8cf307353edba9c427c17a3a021c2522d690f5633dd9f72d28b48ccca
mutagen==1.48.1 --hash=sha256:4f077fe87d3fc7fba259aa63d8c026b18382ca6a42ef37c61e16f1b1b5b82fe7
openai==2.54.0 --hash=sha256:89089789197ccdb87f173a03145ed1598d00795220c93e96cf712b1cbf5e5f2b
orjson==3.12.0 --hash=sha256:9caf3d09f47c3c70c4451ada20ef9bc4a4cdffa26f49862cf0a253b329aae2d5
ormsgpack==1.12.2 --hash=sha256:43013a3f3e2e902e1d05e72c0f1aeb5bedbb8e09240b51e26792a3c89267e181
packaging==26.3 --hash=sha256:d7193f7c8e4e93f444fde0262bf90af30e16fa0ad0ad44cb553c87339b23cd1c
patchright==1.56.0 --hash=sha256:cef0f31334dece118fa8dbe20e0c0ac97ea539a2a3e7dd007a67d05b4c3e0512
playwright==1.56.0 --hash=sha256:404be089b49d94bc4c1fe0dfb07664bda5ffe87789034a03bffb884489bdfb5c
propcache==0.5.4 --hash=sha256:6e9368e87a3efc285e559131092c5db643eb8e56de4ee42064d5baec22ef2bb5
psutil==7.2.2 --hash=sha256:076a2d2f923fd4821644f5ba89f059523da90dc9014e85f8e45a5774ca5bc6f9
pyasn1==0.6.4 --hash=sha256:deda9277cfd454080ec40b207fb6df82206a3a2688735233cdcd8d3d565f088b
pyasn1_modules==0.4.2 --hash=sha256:29253a9207ce32b64c3ac6600edc75368f98473906e8fd1043bd6b5b1de2c14a
pycparser==3.0 --hash=sha256:b727414169a36b7d524c1c3e31839a521725078d7b2ff038656844266160a992
pydantic==2.13.5 --hash=sha256:346a034f080da3755d8e9cb5e00e8b07de1d39e4f6e2c87d8ab7cafa0b269a73
pydantic-settings==2.15.0 --hash=sha256:0ba092c291c94baceb5eff768aa0d56400a457585bc0175925a5a5510303da42
pydantic_core==2.46.5 --hash=sha256:49776eab08766a08dfff7012f8b422dcd7e25e43b316eedf0477c24fcfa84b7c
pyee==13.0.1 --hash=sha256:af2f8fede4171ef667dfded53f96e2ed0d6e6bd7ee3bb46437f77e3b57689228
PyJWT==2.14.0 --hash=sha256:ad0cef71c756a56e74863c2919cf0985f72decbcfcb550ee2f422e7c62b5eedc
python-dateutil==2.9.0.post0 --hash=sha256:a8b2bc7bffae282281c8140a97d3aa9c14da0b136dfe83f850eea9a5f7470427
python-dotenv==1.2.3 --hash=sha256:904552145e8bfed22162c09dab1c2b9b54fefa7b23ba780f4f26ca0316b0f0d9
python-multipart==0.0.32 --hash=sha256:ff6d3f776f16878c894e52e107296ffc890e913c611b1a4ec6c44e2821fe2e23
PyYAML==6.0.3 --hash=sha256:b8bb0864c5a28024fac8a632c443c87c5aa6f215c0b126c449ae1a150412f31d
referencing==0.37.0 --hash=sha256:381329a9f99628c9069361716891d34ad94af76e461dcb0335825aecc7692231
regex==2026.9.10 --hash=sha256:0acee94b480dd853e39434aa9a575f95385b1b4b8fa3feae56db363ca5cad782
requests==2.34.2 --hash=sha256:2a0d60c172f83ac6ab31e4554906c0f3b3588d37b5cb939b1c061f4907e278e0
requests-toolbelt==1.0.0 --hash=sha256:cccfdd665f0a24fcf4726e690f65639d272bb0637b9b92dfd91a5568ccf6bd06
rpds-py==2026.6.3 --hash=sha256:9c1255b302953c86a486b81d330d5ee1d5bd937691ce271b6be0ef0e299eaab7
s3transfer==0.19.2 --hash=sha256:d8168eccca828cbb2cd573675333f3bddd254313a9c42494b84c76b539e8ba25
scrapling==0.4.1 --hash=sha256:b74696b32abcea559ef2dd23989143ac8e733959af2fdd4fb01fcd31ad8cdece
six==1.17.0 --hash=sha256:4721f391ed90541fddacab5acf947aa0d3dc7d27b2e1e8eda2be8970586c3274
sniffio==1.3.1 --hash=sha256:2f6da418d1f1e0fddd844478f41680e794e6051915791a034ff65e5f100525a2
soupsieve==2.9.2 --hash=sha256:8089a26fd974ca7a1f30276d3d8492ab266ab15af581642dfe8aa162e0c1c823
sqlite-vec==0.1.9 --hash=sha256:1515727990b49e79bcaf75fdee2ffc7d461f8b66905013231251f1c8938e7786
sse-starlette==3.4.11 --hash=sha256:c7b2244bdff016fe7f64e10075e89a3e6bbf899649cc89b0fe884b5545042453
starlette==1.6.0 --hash=sha256:a86dd39d14bb45f85a3d18525215a9ef0cfd1f192ac793220e72598c90335f0c
tenacity==9.1.4 --hash=sha256:6095a360c919085f28c6527de529e76a06ad89b23659fa881ae0649b867a9d55
tiktoken==0.14.0 --hash=sha256:f5e7665f6624e052e5e7f6a36919ab69279decdc976d7b16b4fa15e1897d0513
tld==0.13.2 --hash=sha256:9b8fdbdb880e7ba65b216a4937f2c94c49a7226723783d5838fc958ac76f4e0c
tqdm==4.70.1 --hash=sha256:c293e525e6fef9c20e8728fd4612df02a0aa31bb5fe91ecd93e123b1b7bffa73
truststore==0.10.4 --hash=sha256:adaeaecf1cbb5f4de3b1959b42d41f6fab57b2b1666adb59e89cb0b53361d981
typing-inspection==0.4.4 --hash=sha256:65b8397ba37ccbce054456aaccddfc91e6e3083c92824df348d96ca832f3f147
typing_extensions==4.16.0 --hash=sha256:481caa481374e813c1b176ada14e97f1f67a4539ce9cfeb3f350d78d6370c2e8
tzlocal==5.4.4 --hash=sha256:aae09f0126a8a86fa736be266eb4a471380d26a0de3bc14844e7821fee3e2a15
urllib3==2.8.0 --hash=sha256:0cf3cae568d36aa9576b28dfb35f11328f1cb974ca7647d9475ebb86c75ac6e3
uuid_utils==0.17.1 --hash=sha256:3404d50a60ec74642fd590b9d639d98770022f4b1ff8a4055b3c70742c85f096
uvicorn==0.53.0 --hash=sha256:e8dca71ec86dce5f04e333f0d56cdedf942446e6643b9cea1af0d6d3a02cb03e
w3lib==2.4.1 --hash=sha256:40930132907e68de906a5b89331ab8c8ff4f01bd35b5539ef7896017d814138d
websockets==15.0.1 --hash=sha256:8dd8327c795b3e3f219760fa603dcae1dcc148172290a8ab15158cf85a953413
xxhash==4.0.1 --hash=sha256:101aa300de6ceef3d9c77569706330d8921fc45dd82bceed2084f1e9f2557a24
yarl==1.25.1 --hash=sha256:d5add7b4ca7afeea91d52e4d4e4db3b1fe9885b71f07054560d8c4296b7441a2
zstandard==0.25.0 --hash=sha256:9300d02ea7c6506f00e627e287e0492a5eb0371ec1670ae852fefffa6164b072
